
Microsoft Visual Studio Solution File, Format Version 12.00
# Visual Studio Version 16
VisualStudioVersion = 16.0.30621.155
MinimumVisualStudioVersion = 10.0.40219.1
Project("{FAE04EC0-301F-11D3-BF4B-00C04F79EFBC}") = "passion project", "passion project\passion project.csproj", "{4228BDE4-8E73-43C4-B4C9-6649A8751A69}"
EndProject
Global
	GlobalSection(SolutionConfigurationPlatforms) = preSolution
		Debug|Any CPU = Debug|Any CPU
		Release|Any CPU = Release|Any CPU
	EndGlobalSection
	GlobalSection(ProjectConfigurationPlatforms) = postSolution
		{4228BDE4-8E73-43C4-B4C9-6649A8751A69}.Debug|Any CPU.ActiveCfg = Debug|Any CPU
		{4228BDE4-8E73-43C4-B4C9-6649A8751A69}.Debug|Any CPU.Build.0 = Debug|Any CPU
		{4228BDE4-8E73-43C4-B4C9-6649A8751A69}.Release|Any CPU.ActiveCfg = Release|Any CPU
		{4228BDE4-8E73-43C4-B4C9-6649A8751A69}.Release|Any CPU.Build.0 = Release|Any CPU
	EndGlobalSection
	GlobalSection(SolutionProperties) = preSolution
		HideSolutionNode = FALSE
	EndGlobalSection
	GlobalSection(ExtensibilityGlobals) = postSolution
		SolutionGuid = {4B3E1422-8CBE-47C1-959D-30F8C7FD3F7C}
	EndGlobalSection
EndGlobal
